
Microsoft Visual Studio Solution File, Format Version 12.00
# Visual Studio Version 17
VisualStudioVersion = 17.5.33530.505
MinimumVisualStudioVersion = 10.0.40219.1
Project("{FAE04EC0-301F-11D3-BF4B-00C04F79EFBC}") = "Фигня по видеоPR4", "Фигня по видеоPR4.csproj", "{183AAA92-28F1-43D9-A8FE-B0D0C8F786C0}"
EndProject
Global
	GlobalSection(SolutionConfigurationPlatforms) = preSolution
		Debug|Any CPU = Debug|Any CPU
		Release|Any CPU = Release|Any CPU
	EndGlobalSection
	GlobalSection(ProjectConfigurationPlatforms) = postSolution
		{183AAA92-28F1-43D9-A8FE-B0D0C8F786C0}.Debug|Any CPU.ActiveCfg = Debug|Any CPU
		{183AAA92-28F1-43D9-A8FE-B0D0C8F786C0}.Debug|Any CPU.Build.0 = Debug|Any CPU
		{183AAA92-28F1-43D9-A8FE-B0D0C8F786C0}.Release|Any CPU.ActiveCfg = Release|Any CPU
		{183AAA92-28F1-43D9-A8FE-B0D0C8F786C0}.Release|Any CPU.Build.0 = Release|Any CPU
	EndGlobalSection
	GlobalSection(SolutionProperties) = preSolution
		HideSolutionNode = FALSE
	EndGlobalSection
	GlobalSection(ExtensibilityGlobals) = postSolution
		SolutionGuid = {E3E7E2B9-1C19-4179-9E74-3BDE47A3A191}
	EndGlobalSection
EndGlobal
